// !$*UTF8*$!
{
	archiveVersion = 1;
	classes = {
	};
	objectVersion = 50;
	objects = {

/* Begin PBXBuildFile section */
		FA235ABF25B6F3FE006FFAE4 /* AppDelegate.swift in Sources */ = {isa = PBXBuildFile; fileRef = FA235ABE25B6F3FE006FFAE4 /* AppDelegate.swift */; };
		FA235AC125B6F3FE006FFAE4 /* SceneDelegate.swift in Sources */ = {isa = PBXBuildFile; fileRef = FA235AC025B6F3FE006FFAE4 /* SceneDelegate.swift */; };
		FA235AC325B6F3FE006FFAE4 /* ViewController.swift in Sources */ = {isa = PBXBuildFile; fileRef = FA235AC225B6F3FE006FFAE4 /* ViewController.swift */; };
		FA235AC625B6F3FE006FFAE4 /* Main.storyboard in Resources */ = {isa = PBXBuildFile; fileRef = FA235AC425B6F3FE006FFAE4 /* Main.storyboard */; };
		FA235AC825B6F401006FFAE4 /* Assets.xcassets in Resources */ = {isa = PBXBuildFile; fileRef = FA235AC725B6F401006FFAE4 /* Assets.xcassets */; };
		FA235ACB25B6F401006FFAE4 /* LaunchScreen.storyboard in Resources */ = {isa = PBXBuildFile; fileRef = FA235AC925B6F401006FFAE4 /* LaunchScreen.storyboard */; };
		FA235AD425B6F8BB006FFAE4 /* FeedViewController.swift in Sources */ = {isa = PBXBuildFile; fileRef = FA235AD325B6F8BB006FFAE4 /* FeedViewController.swift */; };
		FA235ADA25B6FA03006FFAE4 /* FeedTableViewCell.swift in Sources */ = {isa = PBXBuildFile; fileRef = FA235AD825B6FA03006FFAE4 /* FeedTableViewCell.swift */; };
		FA235ADB25B6FA03006FFAE4 /* FeedTableViewCell.xib in Resources */ = {isa = PBXBuildFile; fileRef = FA235AD925B6FA03006FFAE4 /* FeedTableViewCell.xib */; };
		FA235AE025B6FC03006FFAE4 /* Post.swift in Sources */ = {isa = PBXBuildFile; fileRef = FA235ADF25B6FC03006FFAE4 /* Post.swift */; };
		FA33E42625B6FCBA0099D107 /* API.swift in Sources */ = {isa = PBXBuildFile; fileRef = FA33E42525B6FCBA0099D107 /* API.swift */; };
		FA33E42925B6FEE50099D107 /* UIImageView+LoadURL.swift in Sources */ = {isa = PBXBuildFile; fileRef = FA33E42825B6FEE50099D107 /* UIImageView+LoadURL.swift */; };
/* End PBXBuildFile section */

/* Begin PBXFileReference section */
		FA235ABB25B6F3FE006FFAE4 /* NetologiaAssignment.app */ = {isa = PBXFileReference; explicitFileType = wrapper.application; includeInIndex = 0; path = NetologiaAssignment.app; sourceTree = BUILT_PRODUCTS_DIR; };
		FA235ABE25B6F3FE006FFAE4 /* AppDelegate.swift */ = {isa = PBXFileReference; lastKnownFileType = sourcecode.swift; path = AppDelegate.swift; sourceTree = "<group>"; };
		FA235AC025B6F3FE006FFAE4 /* SceneDelegate.swift */ = {isa = PBXFileReference; lastKnownFileType = sourcecode.swift; path = SceneDelegate.swift; sourceTree = "<group>"; };
		FA235AC225B6F3FE006FFAE4 /* ViewController.swift */ = {isa = PBXFileReference; lastKnownFileType = sourcecode.swift; path = ViewController.swift; sourceTree = "<group>"; };
		FA235AC525B6F3FE006FFAE4 /* Base */ = {isa = PBXFileReference; lastKnownFileType = file.storyboard; name = Base; path = Base.lproj/Main.storyboard; sourceTree = "<group>"; };
		FA235AC725B6F401006FFAE4 /* Assets.xcassets */ = {isa = PBXFileReference; lastKnownFileType = folder.assetcatalog; path = Assets.xcassets; sourceTree = "<group>"; };
		FA235ACA25B6F401006FFAE4 /* Base */ = {isa = PBXFileReference; lastKnownFileType = file.storyboard; name = Base; path = Base.lproj/LaunchScreen.storyboard; sourceTree = "<group>"; };
		FA235ACC25B6F401006FFAE4 /* Info.plist */ = {isa = PBXFileReference; lastKnownFileType = text.plist.xml; path = Info.plist; sourceTree = "<group>"; };
		FA235AD325B6F8BB006FFAE4 /* FeedViewController.swift */ = {isa = PBXFileReference; lastKnownFileType = sourcecode.swift; path = FeedViewController.swift; sourceTree = "<group>"; };
		FA235AD825B6FA03006FFAE4 /* FeedTableViewCell.swift */ = {isa = PBXFileReference; lastKnownFileType = sourcecode.swift; path = FeedTableViewCell.swift; sourceTree = "<group>"; };
		FA235AD925B6FA03006FFAE4 /* FeedTableViewCell.xib */ = {isa = PBXFileReference; lastKnownFileType = file.xib; path = FeedTableViewCell.xib; sourceTree = "<group>"; };
		FA235ADF25B6FC03006FFAE4 /* Post.swift */ = {isa = PBXFileReference; lastKnownFileType = sourcecode.swift; path = Post.swift; sourceTree = "<group>"; };
		FA33E42525B6FCBA0099D107 /* API.swift */ = {isa = PBXFileReference; lastKnownFileType = sourcecode.swift; path = API.swift; sourceTree = "<group>"; };
		FA33E42825B6FEE50099D107 /* UIImageView+LoadURL.swift */ = {isa = PBXFileReference; lastKnownFileType = sourcecode.swift; path = "UIImageView+LoadURL.swift"; sourceTree = "<group>"; };
/* End PBXFileReference section */

/* Begin PBXFrameworksBuildPhase section */
		FA235AB825B6F3FE006FFAE4 /* Frameworks */ = {
			isa = PBXFrameworksBuildPhase;
			buildActionMask = 2147483647;
			files = (
			);
			runOnlyForDeploymentPostprocessing = 0;
		};
/* End PBXFrameworksBuildPhase section */

/* Begin PBXGroup section */
		FA235AB225B6F3FE006FFAE4 = {
			isa = PBXGroup;
			children = (
				FA235ABD25B6F3FE006FFAE4 /* NetologiaAssignment */,
				FA235ABC25B6F3FE006FFAE4 /* Products */,
			);
			sourceTree = "<group>";
		};
		FA235ABC25B6F3FE006FFAE4 /* Products */ = {
			isa = PBXGroup;
			children = (
				FA235ABB25B6F3FE006FFAE4 /* NetologiaAssignment.app */,
			);
			name = Products;
			sourceTree = "<group>";
		};
		FA235ABD25B6F3FE006FFAE4 /* NetologiaAssignment */ = {
			isa = PBXGroup;
			children = (
				FA235AD725B6F9CC006FFAE4 /* NotVK */,
				FA235ABE25B6F3FE006FFAE4 /* AppDelegate.swift */,
				FA235AC025B6F3FE006FFAE4 /* SceneDelegate.swift */,
				FA235AC425B6F3FE006FFAE4 /* Main.storyboard */,
				FA235AC725B6F401006FFAE4 /* Assets.xcassets */,
				FA235AC925B6F401006FFAE4 /* LaunchScreen.storyboard */,
				FA235ACC25B6F401006FFAE4 /* Info.plist */,
			);
			path = NetologiaAssignment;
			sourceTree = "<group>";
		};
		FA235AD725B6F9CC006FFAE4 /* NotVK */ = {
			isa = PBXGroup;
			children = (
				FA235ADD25B6FA09006FFAE4 /* FeedCell */,
				FA235AC225B6F3FE006FFAE4 /* ViewController.swift */,
				FA235AD325B6F8BB006FFAE4 /* FeedViewController.swift */,
				FA235ADF25B6FC03006FFAE4 /* Post.swift */,
				FA33E42525B6FCBA0099D107 /* API.swift */,
				FA33E42825B6FEE50099D107 /* UIImageView+LoadURL.swift */,
			);
			path = NotVK;
			sourceTree = "<group>";
		};
		FA235ADD25B6FA09006FFAE4 /* FeedCell */ = {
			isa = PBXGroup;
			children = (
				FA235AD825B6FA03006FFAE4 /* FeedTableViewCell.swift */,
				FA235AD925B6FA03006FFAE4 /* FeedTableViewCell.xib */,
			);
			path = FeedCell;
			sourceTree = "<group>";
		};
/* End PBXGroup section */

/* Begin PBXNativeTarget section */
		FA235ABA25B6F3FE006FFAE4 /* NetologiaAssignment */ = {
			isa = PBXNativeTarget;
			buildConfigurationList = FA235ACF25B6F401006FFAE4 /* Build configuration list for PBXNativeTarget "NetologiaAssignment" */;
			buildPhases = (
				FA235AB725B6F3FE006FFAE4 /* Sources */,
				FA235AB825B6F3FE006FFAE4 /* Frameworks */,
				FA235AB925B6F3FE006FFAE4 /* Resources */,
			);
			buildRules = (
			);
			dependencies = (
			);
			name = NetologiaAssignment;
			productName = NetologiaAssignment;
			productReference = FA235ABB25B6F3FE006FFAE4 /* NetologiaAssignment.app */;
			productType = "com.apple.product-type.application";
		};
/* End PBXNativeTarget section */

/* Begin PBXProject section */
		FA235AB325B6F3FE006FFAE4 /* Project object */ = {
			isa = PBXProject;
			attributes = {
				LastSwiftUpdateCheck = 1230;
				LastUpgradeCheck = 1230;
				TargetAttributes = {
					FA235ABA25B6F3FE006FFAE4 = {
						CreatedOnToolsVersion = 12.3;
					};
				};
			};
			buildConfigurationList = FA235AB625B6F3FE006FFAE4 /* Build configuration list for PBXProject "NetologiaAssignment" */;
			compatibilityVersion = "Xcode 9.3";
			developmentRegion = en;
			hasScannedForEncodings = 0;
			knownRegions = (
				en,
				Base,
			);
			mainGroup = FA235AB225B6F3FE006FFAE4;
			productRefGroup = FA235ABC25B6F3FE006FFAE4 /* Products */;
			projectDirPath = "";
			projectRoot = "";
			targets = (
				FA235ABA25B6F3FE006FFAE4 /* NetologiaAssignment */,
			);
		};
/* End PBXProject section */

/* Begin PBXResourcesBuildPhase section */
		FA235AB925B6F3FE006FFAE4 /* Resources */ = {
			isa = PBXResourcesBuildPhase;
			buildActionMask = 2147483647;
			files = (
				FA235ACB25B6F401006FFAE4 /* LaunchScreen.storyboard in Resources */,
				FA235ADB25B6FA03006FFAE4 /* FeedTableViewCell.xib in Resources */,
				FA235AC825B6F401006FFAE4 /* Assets.xcassets in Resources */,
				FA235AC625B6F3FE006FFAE4 /* Main.storyboard in Resources */,
			);
			runOnlyForDeploymentPostprocessing = 0;
		};
/* End PBXResourcesBuildPhase section */

/* Begin PBXSourcesBuildPhase section */
		FA235AB725B6F3FE006FFAE4 /* Sources */ = {
			isa = PBXSourcesBuildPhase;
			buildActionMask = 2147483647;
			files = (
				FA235AC325B6F3FE006FFAE4 /* ViewController.swift in Sources */,
				FA235ABF25B6F3FE006FFAE4 /* AppDelegate.swift in Sources */,
				FA235AC125B6F3FE006FFAE4 /* SceneDelegate.swift in Sources */,
				FA235AE025B6FC03006FFAE4 /* Post.swift in Sources */,
				FA235AD425B6F8BB006FFAE4 /* FeedViewController.swift in Sources */,
				FA235ADA25B6FA03006FFAE4 /* FeedTableViewCell.swift in Sources */,
				FA33E42925B6FEE50099D107 /* UIImageView+LoadURL.swift in Sources */,
				FA33E42625B6FCBA0099D107 /* API.swift in Sources */,
			);
			runOnlyForDeploymentPostprocessing = 0;
		};
/* End PBXSourcesBuildPhase section */

/* Begin PBXVariantGroup section */
		FA235AC425B6F3FE006FFAE4 /* Main.storyboard */ = {
			isa = PBXVariantGroup;
			children = (
				FA235AC525B6F3FE006FFAE4 /* Base */,
			);
			name = Main.storyboard;
			sourceTree = "<group>";
		};
		FA235AC925B6F401006FFAE4 /* LaunchScreen.storyboard */ = {
			isa = PBXVariantGroup;
			children = (
				FA235ACA25B6F401006FFAE4 /* Base */,
			);
			name = LaunchScreen.storyboard;
			sourceTree = "<group>";
		};
/* End PBXVariantGroup section */

/* Begin XCBuildConfiguration section */
		FA235ACD25B6F401006FFAE4 /* Debug */ = {
			isa = XCBuildConfiguration;
			buildSettings = {
				ALWAYS_SEARCH_USER_PATHS = NO;
				CLANG_ANALYZER_NONNULL = YES;
				CLANG_ANALYZER_NUMBER_OBJECT_CONVERSION = YES_AGGRESSIVE;
				CLANG_CXX_LANGUAGE_STANDARD = "gnu++14";
				CLANG_CXX_LIBRARY = "libc++";
				CLANG_ENABLE_MODULES = YES;
				CLANG_ENABLE_OBJC_ARC = YES;
				CLANG_ENABLE_OBJC_WEAK = YES;
				CLANG_WARN_BLOCK_CAPTURE_AUTORELEASING = YES;
				CLANG_WARN_BOOL_CONVERSION = YES;
				CLANG_WARN_COMMA = YES;
				CLANG_WARN_CONSTANT_CONVERSION = YES;
				CLANG_WARN_DEPRECATED_OBJC_IMPLEMENTATIONS = YES;
				CLANG_WARN_DIRECT_OBJC_ISA_USAGE = YES_ERROR;
				CLANG_WARN_DOCUMENTATION_COMMENTS = YES;
				CLANG_WARN_EMPTY_BODY = YES;
				CLANG_WARN_ENUM_CONVERSION = YES;
				CLANG_WARN_INFINITE_RECURSION = YES;
				CLANG_WARN_INT_CONVERSION = YES;
				CLANG_WARN_NON_LITERAL_NULL_CONVERSION = YES;
				CLANG_WARN_OBJC_IMPLICIT_RETAIN_SELF = YES;
				CLANG_WARN_OBJC_LITERAL_CONVERSION = YES;
				CLANG_WARN_OBJC_ROOT_CLASS = YES_ERROR;
				CLANG_WARN_QUOTED_INCLUDE_IN_FRAMEWORK_HEADER = YES;
				CLANG_WARN_RANGE_LOOP_ANALYSIS = YES;
				CLANG_WARN_STRICT_PROTOTYPES = YES;
				CLANG_WARN_SUSPICIOUS_MOVE = YES;
				CLANG_WARN_UNGUARDED_AVAILABILITY = YES_AGGRESSIVE;
				CLANG_WARN_UNREACHABLE_CODE = YES;
				CLANG_WARN__DUPLICATE_METHOD_MATCH = YES;
				COPY_PHASE_STRIP = NO;
				DEBUG_INFORMATION_FORMAT = dwarf;
				ENABLE_STRICT_OBJC_MSGSEND = YES;
				ENABLE_TESTABILITY = YES;
				GCC_C_LANGUAGE_STANDARD = gnu11;
				GCC_DYNAMIC_NO_PIC = NO;
				GCC_NO_COMMON_BLOCKS = YES;
				GCC_OPTIMIZATION_LEVEL = 0;
				GCC_PREPROCESSOR_DEFINITIONS = (
					"DEBUG=1",
					"$(inherited)",
				);
				GCC_WARN_64_TO_32_BIT_CONVERSION = YES;
				GCC_WARN_ABOUT_RETURN_TYPE = YES_ERROR;
				GCC_WARN_UNDECLARED_SELECTOR = YES;
				GCC_WARN_UNINITIALIZED_AUTOS = YES_AGGRESSIVE;
				GCC_WARN_UNUSED_FUNCTION = YES;
				GCC_WARN_UNUSED_VARIABLE = YES;
				IPHONEOS_DEPLOYMENT_TARGET = 14.3;
				MTL_ENABLE_DEBUG_INFO = INCLUDE_SOURCE;
				MTL_FAST_MATH = YES;
				ONLY_ACTIVE_ARCH = YES;
				SDKROOT = iphoneos;
				SWIFT_ACTIVE_COMPILATION_CONDITIONS = DEBUG;
				SWIFT_OPTIMIZATION_LEVEL = "-Onone";
			};
			name = Debug;
		};
		FA235ACE25B6F401006FFAE4 /* Release */ = {
			isa = XCBuildConfiguration;
			buildSettings = {
				ALWAYS_SEARCH_USER_PATHS = NO;
				CLANG_ANALYZER_NONNULL = YES;
				CLANG_ANALYZER_NUMBER_OBJECT_CONVERSION = YES_AGGRESSIVE;
				CLANG_CXX_LANGUAGE_STANDARD = "gnu++14";
				CLANG_CXX_LIBRARY = "libc++";
				CLANG_ENABLE_MODULES = YES;
				CLANG_ENABLE_OBJC_ARC = YES;
				CLANG_ENABLE_OBJC_WEAK = YES;
				CLANG_WARN_BLOCK_CAPTURE_AUTORELEASING = YES;
				CLANG_WARN_BOOL_CONVERSION = YES;
				CLANG_WARN_COMMA = YES;
				CLANG_WARN_CONSTANT_CONVERSION = YES;
				CLANG_WARN_DEPRECATED_OBJC_IMPLEMENTATIONS = YES;
				CLANG_WARN_DIRECT_OBJC_ISA_USAGE = YES_ERROR;
				CLANG_WARN_DOCUMENTATION_COMMENTS = YES;
				CLANG_WARN_EMPTY_BODY = YES;
				CLANG_WARN_ENUM_CONVERSION = YES;
				CLANG_WARN_INFINITE_RECURSION = YES;
				CLANG_WARN_INT_CONVERSION = YES;
				CLANG_WARN_NON_LITERAL_NULL_CONVERSION = YES;
				CLANG_WARN_OBJC_IMPLICIT_RETAIN_SELF = YES;
				CLANG_WARN_OBJC_LITERAL_CONVERSION = YES;
				CLANG_WARN_OBJC_ROOT_CLASS = YES_ERROR;
				CLANG_WARN_QUOTED_INCLUDE_IN_FRAMEWORK_HEADER = YES;
				CLANG_WARN_RANGE_LOOP_ANALYSIS = YES;
				CLANG_WARN_STRICT_PROTOTYPES = YES;
				CLANG_WARN_SUSPICIOUS_MOVE = YES;
				CLANG_WARN_UNGUARDED_AVAILABILITY = YES_AGGRESSIVE;
				CLANG_WARN_UNREACHABLE_CODE = YES;
				CLANG_WARN__DUPLICATE_METHOD_MATCH = YES;
				COPY_PHASE_STRIP = NO;
				DEBUG_INFORMATION_FORMAT = "dwarf-with-dsym";
				ENABLE_NS_ASSERTIONS = NO;
				ENABLE_STRICT_OBJC_MSGSEND = YES;
				GCC_C_LANGUAGE_STANDARD = gnu11;
				GCC_NO_COMMON_BLOCKS = YES;
				GCC_WARN_64_TO_32_BIT_CONVERSION = YES;
				GCC_WARN_ABOUT_RETURN_TYPE = YES_ERROR;
				GCC_WARN_UNDECLARED_SELECTOR = YES;
				GCC_WARN_UNINITIALIZED_AUTOS = YES_AGGRESSIVE;
				GCC_WARN_UNUSED_FUNCTION = YES;
				GCC_WARN_UNUSED_VARIABLE = YES;
				IPHONEOS_DEPLOYMENT_TARGET = 14.3;
				MTL_ENABLE_DEBUG_INFO = NO;
				MTL_FAST_MATH = YES;
				SDKROOT = iphoneos;
				SWIFT_COMPILATION_MODE = wholemodule;
				SWIFT_OPTIMIZATION_LEVEL = "-O";
				VALIDATE_PRODUCT = YES;
			};
			name = Release;
		};
		FA235AD025B6F401006FFAE4 /* Debug */ = {
			isa = XCBuildConfiguration;
			buildSettings = {
				ASSETCATALOG_COMPILER_APPICON_NAME = AppIcon;
				ASSETCATALOG_COMPILER_GLOBAL_ACCENT_COLOR_NAME = AccentColor;
				CODE_SIGN_STYLE = Automatic;
				DEVELOPMENT_TEAM = ZF27C7P399;
				INFOPLIST_FILE = NetologiaAssignment/Info.plist;
				LD_RUNPATH_SEARCH_PATHS = (
					"$(inherited)",
					"@executable_path/Frameworks",
				);
				PRODUCT_BUNDLE_IDENTIFIER = com.MT.NetologiaAssignment;
				PRODUCT_NAME = "$(TARGET_NAME)";
				SWIFT_VERSION = 5.0;
				TARGETED_DEVICE_FAMILY = "1,2";
			};
			name = Debug;
		};
		FA235AD125B6F401006FFAE4 /* Release */ = {
			isa = XCBuildConfiguration;
			buildSettings = {
				ASSETCATALOG_COMPILER_APPICON_NAME = AppIcon;
				ASSETCATALOG_COMPILER_GLOBAL_ACCENT_COLOR_NAME = AccentColor;
				CODE_SIGN_STYLE = Automatic;
				DEVELOPMENT_TEAM = ZF27C7P399;
				INFOPLIST_FILE = NetologiaAssignment/Info.plist;
				LD_RUNPATH_SEARCH_PATHS = (
					"$(inherited)",
					"@executable_path/Frameworks",
				);
				PRODUCT_BUNDLE_IDENTIFIER = com.MT.NetologiaAssignment;
				PRODUCT_NAME = "$(TARGET_NAME)";
				SWIFT_VERSION = 5.0;
				TARGETED_DEVICE_FAMILY = "1,2";
			};
			name = Release;
		};
/* End XCBuildConfiguration section */

/* Begin XCConfigurationList section */
		FA235AB625B6F3FE006FFAE4 /* Build configuration list for PBXProject "NetologiaAssignment" */ = {
			isa = XCConfigurationList;
			buildConfigurations = (
				FA235ACD25B6F401006FFAE4 /* Debug */,
				FA235ACE25B6F401006FFAE4 /* Release */,
			);
			defaultConfigurationIsVisible = 0;
			defaultConfigurationName = Release;
		};
		FA235ACF25B6F401006FFAE4 /* Build configuration list for PBXNativeTarget "NetologiaAssignment" */ = {
			isa = XCConfigurationList;
			buildConfigurations = (
				FA235AD025B6F401006FFAE4 /* Debug */,
				FA235AD125B6F401006FFAE4 /* Release */,
			);
			defaultConfigurationIsVisible = 0;
			defaultConfigurationName = Release;
		};
/* End XCConfigurationList section */
	};
	rootObject = FA235AB325B6F3FE006FFAE4 /* Project object */;
}
